// !$*UTF8*$!
{
	archiveVersion = 1;
	classes = {
	};
	objectVersion = 46;
	objects = {

/* Begin PBXBuildFile section */
		63320AA21D967C0100A0DD8B /* AppDelegate.swift in Sources */ = {isa = PBXBuildFile; fileRef = 63320AA11D967C0100A0DD8B /* AppDelegate.swift */; };
		63320AA41D967C0100A0DD8B /* ViewController.swift in Sources */ = {isa = PBXBuildFile; fileRef = 63320AA31D967C0100A0DD8B /* ViewController.swift */; };
		63320AA71D967C0100A0DD8B /* Main.storyboard in Resources */ = {isa = PBXBuildFile; fileRef = 63320AA51D967C0100A0DD8B /* Main.storyboard */; };
		63320AA91D967C0100A0DD8B /* Assets.xcassets in Resources */ = {isa = PBXBuildFile; fileRef = 63320AA81D967C0100A0DD8B /* Assets.xcassets */; };
		63320AAC1D967C0100A0DD8B /* LaunchScreen.storyboard in Resources */ = {isa = PBXBuildFile; fileRef = 63320AAA1D967C0100A0DD8B /* LaunchScreen.storyboard */; };
		63320ADD1D9B648100A0DD8B /* pokemon.csv in Resources */ = {isa = PBXBuildFile; fileRef = 63320ADC1D9B648100A0DD8B /* pokemon.csv */; };
		63320AE01D9B67A300A0DD8B /* Pokemon.swift in Sources */ = {isa = PBXBuildFile; fileRef = 63320ADF1D9B67A300A0DD8B /* Pokemon.swift */; };
		63320AE31D9B79F300A0DD8B /* PokeCell.swift in Sources */ = {isa = PBXBuildFile; fileRef = 63320AE21D9B79F300A0DD8B /* PokeCell.swift */; };
		63320AE51D9B8B2A00A0DD8B /* csv.swift in Sources */ = {isa = PBXBuildFile; fileRef = 63320AE41D9B8B2A00A0DD8B /* csv.swift */; };
/* End PBXBuildFile section */

/* Begin PBXFileReference section */
		63320A9E1D967C0100A0DD8B /* Pokedex.app */ = {isa = PBXFileReference; explicitFileType = wrapper.application; includeInIndex = 0; path = Pokedex.app; sourceTree = BUILT_PRODUCTS_DIR; };
		63320AA11D967C0100A0DD8B /* AppDelegate.swift */ = {isa = PBXFileReference; lastKnownFileType = sourcecode.swift; path = AppDelegate.swift; sourceTree = "<group>"; };
		63320AA31D967C0100A0DD8B /* ViewController.swift */ = {isa = PBXFileReference; lastKnownFileType = sourcecode.swift; path = ViewController.swift; sourceTree = "<group>"; };
		63320AA61D967C0100A0DD8B /* Base */ = {isa = PBXFileReference; lastKnownFileType = file.storyboard; name = Base; path = Base.lproj/Main.storyboard; sourceTree = "<group>"; };
		63320AA81D967C0100A0DD8B /* Assets.xcassets */ = {isa = PBXFileReference; lastKnownFileType = folder.assetcatalog; path = Assets.xcassets; sourceTree = "<group>"; };
		63320AAB1D967C0100A0DD8B /* Base */ = {isa = PBXFileReference; lastKnownFileType = file.storyboard; name = Base; path = Base.lproj/LaunchScreen.storyboard; sourceTree = "<group>"; };
		63320AAD1D967C0100A0DD8B /* Info.plist */ = {isa = PBXFileReference; lastKnownFileType = text.plist.xml; path = Info.plist; sourceTree = "<group>"; };
		63320ADC1D9B648100A0DD8B /* pokemon.csv */ = {isa = PBXFileReference; fileEncoding = 4; lastKnownFileType = text; path = pokemon.csv; sourceTree = "<group>"; };
		63320ADF1D9B67A300A0DD8B /* Pokemon.swift */ = {isa = PBXFileReference; fileEncoding = 4; lastKnownFileType = sourcecode.swift; path = Pokemon.swift; sourceTree = "<group>"; };
		63320AE21D9B79F300A0DD8B /* PokeCell.swift */ = {isa = PBXFileReference; fileEncoding = 4; lastKnownFileType = sourcecode.swift; path = PokeCell.swift; sourceTree = "<group>"; };
		63320AE41D9B8B2A00A0DD8B /* csv.swift */ = {isa = PBXFileReference; fileEncoding = 4; lastKnownFileType = sourcecode.swift; path = csv.swift; sourceTree = "<group>"; };
/* End PBXFileReference section */

/* Begin PBXFrameworksBuildPhase section */
		63320A9B1D967C0100A0DD8B /* Frameworks */ = {
			isa = PBXFrameworksBuildPhase;
			buildActionMask = 2147483647;
			files = (
			);
			runOnlyForDeploymentPostprocessing = 0;
		};
/* End PBXFrameworksBuildPhase section */

/* Begin PBXGroup section */
		63320A951D967C0100A0DD8B = {
			isa = PBXGroup;
			children = (
				63320AA01D967C0100A0DD8B /* Pokedex */,
				63320A9F1D967C0100A0DD8B /* Products */,
			);
			sourceTree = "<group>";
		};
		63320A9F1D967C0100A0DD8B /* Products */ = {
			isa = PBXGroup;
			children = (
				63320A9E1D967C0100A0DD8B /* Pokedex.app */,
			);
			name = Products;
			sourceTree = "<group>";
		};
		63320AA01D967C0100A0DD8B /* Pokedex */ = {
			isa = PBXGroup;
			children = (
				63320AE11D9B798C00A0DD8B /* Vew */,
				63320ADE1D9B676200A0DD8B /* Model */,
				63320AA11D967C0100A0DD8B /* AppDelegate.swift */,
				63320AA31D967C0100A0DD8B /* ViewController.swift */,
				63320AA51D967C0100A0DD8B /* Main.storyboard */,
				63320AA81D967C0100A0DD8B /* Assets.xcassets */,
				63320ADC1D9B648100A0DD8B /* pokemon.csv */,
				63320AE41D9B8B2A00A0DD8B /* csv.swift */,
				63320AAA1D967C0100A0DD8B /* LaunchScreen.storyboard */,
				63320AAD1D967C0100A0DD8B /* Info.plist */,
			);
			path = Pokedex;
			sourceTree = "<group>";
		};
		63320ADE1D9B676200A0DD8B /* Model */ = {
			isa = PBXGroup;
			children = (
				63320ADF1D9B67A300A0DD8B /* Pokemon.swift */,
			);
			name = Model;
			sourceTree = "<group>";
		};
		63320AE11D9B798C00A0DD8B /* Vew */ = {
			isa = PBXGroup;
			children = (
				63320AE21D9B79F300A0DD8B /* PokeCell.swift */,
			);
			name = Vew;
			sourceTree = "<group>";
		};
/* End PBXGroup section */

/* Begin PBXNativeTarget section */
		63320A9D1D967C0100A0DD8B /* Pokedex */ = {
			isa = PBXNativeTarget;
			buildConfigurationList = 63320AB01D967C0100A0DD8B /* Build configuration list for PBXNativeTarget "Pokedex" */;
			buildPhases = (
				63320A9A1D967C0100A0DD8B /* Sources */,
				63320A9B1D967C0100A0DD8B /* Frameworks */,
				63320A9C1D967C0100A0DD8B /* Resources */,
			);
			buildRules = (
			);
			dependencies = (
			);
			name = Pokedex;
			productName = Pokedex;
			productReference = 63320A9E1D967C0100A0DD8B /* Pokedex.app */;
			productType = "com.apple.product-type.application";
		};
/* End PBXNativeTarget section */

/* Begin PBXProject section */
		63320A961D967C0100A0DD8B /* Project object */ = {
			isa = PBXProject;
			attributes = {
				LastSwiftUpdateCheck = 0800;
				LastUpgradeCheck = 0800;
				ORGANIZATIONNAME = "Glendale Acosta";
				TargetAttributes = {
					63320A9D1D967C0100A0DD8B = {
						CreatedOnToolsVersion = 8.0;
						LastSwiftMigration = 0800;
						ProvisioningStyle = Manual;
					};
				};
			};
			buildConfigurationList = 63320A991D967C0100A0DD8B /* Build configuration list for PBXProject "Pokedex" */;
			compatibilityVersion = "Xcode 3.2";
			developmentRegion = English;
			hasScannedForEncodings = 0;
			knownRegions = (
				en,
				Base,
			);
			mainGroup = 63320A951D967C0100A0DD8B;
			productRefGroup = 63320A9F1D967C0100A0DD8B /* Products */;
			projectDirPath = "";
			projectRoot = "";
			targets = (
				63320A9D1D967C0100A0DD8B /* Pokedex */,
			);
		};
/* End PBXProject section */

/* Begin PBXResourcesBuildPhase section */
		63320A9C1D967C0100A0DD8B /* Resources */ = {
			isa = PBXResourcesBuildPhase;
			buildActionMask = 2147483647;
			files = (
				63320AAC1D967C0100A0DD8B /* LaunchScreen.storyboard in Resources */,
				63320AA91D967C0100A0DD8B /* Assets.xcassets in Resources */,
				63320ADD1D9B648100A0DD8B /* pokemon.csv in Resources */,
				63320AA71D967C0100A0DD8B /* Main.storyboard in Resources */,
			);
			runOnlyForDeploymentPostprocessing = 0;
		};
/* End PBXResourcesBuildPhase section */

/* Begin PBXSourcesBuildPhase section */
		63320A9A1D967C0100A0DD8B /* Sources */ = {
			isa = PBXSourcesBuildPhase;
			buildActionMask = 2147483647;
			files = (
				63320AE31D9B79F300A0DD8B /* PokeCell.swift in Sources */,
				63320AA41D967C0100A0DD8B /* ViewController.swift in Sources */,
				63320AA21D967C0100A0DD8B /* AppDelegate.swift in Sources */,
				63320AE01D9B67A300A0DD8B /* Pokemon.swift in Sources */,
				63320AE51D9B8B2A00A0DD8B /* csv.swift in Sources */,
			);
			runOnlyForDeploymentPostprocessing = 0;
		};
/* End PBXSourcesBuildPhase section */

/* Begin PBXVariantGroup section */
		63320AA51D967C0100A0DD8B /* Main.storyboard */ = {
			isa = PBXVariantGroup;
			children = (
				63320AA61D967C0100A0DD8B /* Base */,
			);
			name = Main.storyboard;
			sourceTree = "<group>";
		};
		63320AAA1D967C0100A0DD8B /* LaunchScreen.storyboard */ = {
			isa = PBXVariantGroup;
			children = (
				63320AAB1D967C0100A0DD8B /* Base */,
			);
			name = LaunchScreen.storyboard;
			sourceTree = "<group>";
		};
/* End PBXVariantGroup section */

/* Begin XCBuildConfiguration section */
		63320AAE1D967C0100A0DD8B /* Debug */ = {
			isa = XCBuildConfiguration;
			buildSettings = {
				ALWAYS_SEARCH_USER_PATHS = NO;
				CLANG_ANALYZER_NONNULL = YES;
				CLANG_CXX_LANGUAGE_STANDARD = "gnu++0x";
				CLANG_CXX_LIBRARY = "libc++";
				CLANG_ENABLE_MODULES = YES;
				CLANG_ENABLE_OBJC_ARC = YES;
				CLANG_WARN_BOOL_CONVERSION = YES;
				CLANG_WARN_CONSTANT_CONVERSION = YES;
				CLANG_WARN_DIRECT_OBJC_ISA_USAGE = YES_ERROR;
				CLANG_WARN_DOCUMENTATION_COMMENTS = YES;
				CLANG_WARN_EMPTY_BODY = YES;
				CLANG_WARN_ENUM_CONVERSION = YES;
				CLANG_WARN_INFINITE_RECURSION = YES;
				CLANG_WARN_INT_CONVERSION = YES;
				CLANG_WARN_OBJC_ROOT_CLASS = YES_ERROR;
				CLANG_WARN_SUSPICIOUS_MOVES = YES;
				CLANG_WARN_UNREACHABLE_CODE = YES;
				CLANG_WARN__DUPLICATE_METHOD_MATCH = YES;
				"CODE_SIGN_IDENTITY[sdk=iphoneos*]" = "iPhone Developer";
				COPY_PHASE_STRIP = NO;
				DEBUG_INFORMATION_FORMAT = dwarf;
				ENABLE_STRICT_OBJC_MSGSEND = YES;
				ENABLE_TESTABILITY = YES;
				GCC_C_LANGUAGE_STANDARD = gnu99;
				GCC_DYNAMIC_NO_PIC = NO;
				GCC_NO_COMMON_BLOCKS = YES;
				GCC_OPTIMIZATION_LEVEL = 0;
				GCC_PREPROCESSOR_DEFINITIONS = (
					"DEBUG=1",
					"$(inherited)",
				);
				GCC_WARN_64_TO_32_BIT_CONVERSION = YES;
				GCC_WARN_ABOUT_RETURN_TYPE = YES_ERROR;
				GCC_WARN_UNDECLARED_SELECTOR = YES;
				GCC_WARN_UNINITIALIZED_AUTOS = YES_AGGRESSIVE;
				GCC_WARN_UNUSED_FUNCTION = YES;
				GCC_WARN_UNUSED_VARIABLE = YES;
				IPHONEOS_DEPLOYMENT_TARGET = 10.0;
				MTL_ENABLE_DEBUG_INFO = YES;
				ONLY_ACTIVE_ARCH = YES;
				SDKROOT = iphoneos;
				SWIFT_ACTIVE_COMPILATION_CONDITIONS = DEBUG;
				SWIFT_OPTIMIZATION_LEVEL = "-Onone";
			};
			name = Debug;
		};
		63320AAF1D967C0100A0DD8B /* Release */ = {
			isa = XCBuildConfiguration;
			buildSettings = {
				ALWAYS_SEARCH_USER_PATHS = NO;
				CLANG_ANALYZER_NONNULL = YES;
				CLANG_CXX_LANGUAGE_STANDARD = "gnu++0x";
				CLANG_CXX_LIBRARY = "libc++";
				CLANG_ENABLE_MODULES = YES;
				CLANG_ENABLE_OBJC_ARC = YES;
				CLANG_WARN_BOOL_CONVERSION = YES;
				CLANG_WARN_CONSTANT_CONVERSION = YES;
				CLANG_WARN_DIRECT_OBJC_ISA_USAGE = YES_ERROR;
				CLANG_WARN_DOCUMENTATION_COMMENTS = YES;
				CLANG_WARN_EMPTY_BODY = YES;
				CLANG_WARN_ENUM_CONVERSION = YES;
				CLANG_WARN_INFINITE_RECURSION = YES;
				CLANG_WARN_INT_CONVERSION = YES;
				CLANG_WARN_OBJC_ROOT_CLASS = YES_ERROR;
				CLANG_WARN_SUSPICIOUS_MOVES = YES;
				CLANG_WARN_UNREACHABLE_CODE = YES;
				CLANG_WARN__DUPLICATE_METHOD_MATCH = YES;
				"CODE_SIGN_IDENTITY[sdk=iphoneos*]" = "iPhone Developer";
				COPY_PHASE_STRIP = NO;
				DEBUG_INFORMATION_FORMAT = "dwarf-with-dsym";
				ENABLE_NS_ASSERTIONS = NO;
				ENABLE_STRICT_OBJC_MSGSEND = YES;
				GCC_C_LANGUAGE_STANDARD = gnu99;
				GCC_NO_COMMON_BLOCKS = YES;
				GCC_WARN_64_TO_32_BIT_CONVERSION = YES;
				GCC_WARN_ABOUT_RETURN_TYPE = YES_ERROR;
				GCC_WARN_UNDECLARED_SELECTOR = YES;
				GCC_WARN_UNINITIALIZED_AUTOS = YES_AGGRESSIVE;
				GCC_WARN_UNUSED_FUNCTION = YES;
				GCC_WARN_UNUSED_VARIABLE = YES;
				IPHONEOS_DEPLOYMENT_TARGET = 10.0;
				MTL_ENABLE_DEBUG_INFO = NO;
				SDKROOT = iphoneos;
				SWIFT_OPTIMIZATION_LEVEL = "-Owholemodule";
				VALIDATE_PRODUCT = YES;
			};
			name = Release;
		};
		63320AB11D967C0100A0DD8B /* Debug */ = {
			isa = XCBuildConfiguration;
			buildSettings = {
				ASSETCATALOG_COMPILER_APPICON_NAME = AppIcon;
				DEVELOPMENT_TEAM = "";
				INFOPLIST_FILE = Pokedex/Info.plist;
				LD_RUNPATH_SEARCH_PATHS = "$(inherited) @executable_path/Frameworks";
				PRODUCT_BUNDLE_IDENTIFIER = Glendale.Pokedex;
				PRODUCT_NAME = "$(TARGET_NAME)";
				SWIFT_VERSION = 3.0;
			};
			name = Debug;
		};
		63320AB21D967C0100A0DD8B /* Release */ = {
			isa = XCBuildConfiguration;
			buildSettings = {
				ASSETCATALOG_COMPILER_APPICON_NAME = AppIcon;
				DEVELOPMENT_TEAM = "";
				INFOPLIST_FILE = Pokedex/Info.plist;
				LD_RUNPATH_SEARCH_PATHS = "$(inherited) @executable_path/Frameworks";
				PRODUCT_BUNDLE_IDENTIFIER = Glendale.Pokedex;
				PRODUCT_NAME = "$(TARGET_NAME)";
				SWIFT_VERSION = 3.0;
			};
			name = Release;
		};
/* End XCBuildConfiguration section */

/* Begin XCConfigurationList section */
		63320A991D967C0100A0DD8B /* Build configuration list for PBXProject "Pokedex" */ = {
			isa = XCConfigurationList;
			buildConfigurations = (
				63320AAE1D967C0100A0DD8B /* Debug */,
				63320AAF1D967C0100A0DD8B /* Release */,
			);
			defaultConfigurationIsVisible = 0;
			defaultConfigurationName = Release;
		};
		63320AB01D967C0100A0DD8B /* Build configuration list for PBXNativeTarget "Pokedex" */ = {
			isa = XCConfigurationList;
			buildConfigurations = (
				63320AB11D967C0100A0DD8B /* Debug */,
				63320AB21D967C0100A0DD8B /* Release */,
			);
			defaultConfigurationIsVisible = 0;
			defaultConfigurationName = Release;
		};
/* End XCConfigurationList section */
	};
	rootObject = 63320A961D967C0100A0DD8B /* Project object */;
}
